{
  "name": "gdalert-service",
  "version": "1.0.0",
  "lockfileVersion": 1,
  "dependencies": {
    "assert-plus": {
      "version": "https://registry.npmjs.org/assert-plus/-/assert-plus-0.1.5.tgz",
      "integrity": "sha1-7nQAlBMALYTOxyGcasgRgS5yMWA="
    },
    "cipher-base": {
      "version": "https://registry.npmjs.org/cipher-base/-/cipher-base-1.0.3.tgz",
      "integrity": "sha1-7qvxlEGc6QDaMBjCB9IS8qbfCgc="
    },
    "create-hash": {
      "version": "https://registry.npmjs.org/create-hash/-/create-hash-1.1.2.tgz",
      "integrity": "sha1-USEAYte7dHn2xlu0GpIgix1hq60="
    },
    "create-hmac": {
      "version": "https://registry.npmjs.org/create-hmac/-/create-hmac-1.1.4.tgz",
      "integrity": "sha1-0/tLolPriz9W456i+8uK90e9MXA="
    },
    "inherits": {
      "version": "https://registry.npmjs.org/inherits/-/inherits-2.0.3.tgz",
      "integrity": "sha1-Yzwsg+PaQqUC9SRmAiSA9CCCYd4="
    },
    "q": {
      "version": "https://registry.npmjs.org/q/-/q-1.4.1.tgz",
      "integrity": "sha1-VXBbzZPF82c1MMLCy8DCs63cKG4="
    },
    "ripemd160": {
      "version": "https://registry.npmjs.org/ripemd160/-/ripemd160-1.0.1.tgz",
      "integrity": "sha1-k6S71JQrxXS2mo+lfHHeEOzKfW4="
    },
    "sha.js": {
      "version": "https://registry.npmjs.org/sha.js/-/sha.js-2.4.8.tgz",
      "integrity": "sha1-NwaMLEdra69ALRSknGf1l5IfY08="
    },
    "sinch-request": {
      "version": "https://registry.npmjs.org/sinch-request/-/sinch-request-0.0.1.tgz",
      "integrity": "sha1-KBuq0oBjEc5xrg9E5pPYYLtQQO4="
    },
    "sinch-sms": {
      "version": "https://registry.npmjs.org/sinch-sms/-/sinch-sms-0.0.8.tgz",
      "integrity": "sha1-6Cffn3wRdlaICaBp7RdTBfTtO2I="
    }
  }
}
